
Microsoft Visual Studio Solution File, Format Version 12.00
# Visual Studio Version 16
VisualStudioVersion = 16.0.29123.88
MinimumVisualStudioVersion = 10.0.40219.1
Project("{8BC9CEB8-8B4A-11D0-8D11-00A0C91BC942}") = "tier0", "..\tier0\tier0.vcxproj", "{83618132-680F-491F-8DE6-73EECEACC393}"
EndProject
Project("{2150E333-8FDC-42A3-9474-1A3956D46DE8}") = "Solution Items", "Solution Items", "{B987F12A-7892-49E4-BDE5-84DB43EFC8EF}"
	ProjectSection(SolutionItems) = preProject
		TODO.txt = TODO.txt
	EndProjectSection
EndProject
Project("{8BC9CEB8-8B4A-11D0-8D11-00A0C91BC942}") = "vstdlib", "..\vstdlib\vstdlib.vcxproj", "{1A10F3F3-66AD-4897-9268-A7BA41CC3A39}"
	ProjectSection(ProjectDependencies) = postProject
		{83618132-680F-491F-8DE6-73EECEACC393} = {83618132-680F-491F-8DE6-73EECEACC393}
	EndProjectSection
EndProject
Project("{8BC9CEB8-8B4A-11D0-8D11-00A0C91BC942}") = "vtf", "..\vtf\vtf.vcxproj", "{8510DA71-0C34-423C-AABB-056A5BB26DA6}"
EndProject
Project("{8BC9CEB8-8B4A-11D0-8D11-00A0C91BC942}") = "shaderlib", "..\shaderlib\shaderlib.vcxproj", "{4A4F9202-3F4C-46C3-BBF5-4C86C1EE20A0}"
EndProject
Project("{8BC9CEB8-8B4A-11D0-8D11-00A0C91BC942}") = "stdshader_dbg", "..\materialsystem\stdshaders\stdshader_dbg.vcxproj", "{F4A9DAEB-51B8-4DE6-B55F-962454D907E4}"
	ProjectSection(ProjectDependencies) = postProject
		{4A4F9202-3F4C-46C3-BBF5-4C86C1EE20A0} = {4A4F9202-3F4C-46C3-BBF5-4C86C1EE20A0}
		{83618132-680F-491F-8DE6-73EECEACC393} = {83618132-680F-491F-8DE6-73EECEACC393}
		{1A10F3F3-66AD-4897-9268-A7BA41CC3A39} = {1A10F3F3-66AD-4897-9268-A7BA41CC3A39}
	EndProjectSection
EndProject
Project("{8BC9CEB8-8B4A-11D0-8D11-00A0C91BC942}") = "stdshader_dx6", "..\materialsystem\stdshaders\stdshader_dx6.vcxproj", "{9DED0143-FA77-444C-ABCA-4497B19618A4}"
	ProjectSection(ProjectDependencies) = postProject
		{4A4F9202-3F4C-46C3-BBF5-4C86C1EE20A0} = {4A4F9202-3F4C-46C3-BBF5-4C86C1EE20A0}
		{83618132-680F-491F-8DE6-73EECEACC393} = {83618132-680F-491F-8DE6-73EECEACC393}
		{1A10F3F3-66AD-4897-9268-A7BA41CC3A39} = {1A10F3F3-66AD-4897-9268-A7BA41CC3A39}
	EndProjectSection
EndProject
Project("{8BC9CEB8-8B4A-11D0-8D11-00A0C91BC942}") = "stdshader_dx7", "..\materialsystem\stdshaders\stdshader_dx7.vcxproj", "{99A42256-89F8-4BEB-9A28-005BD0BB6E4B}"
	ProjectSection(ProjectDependencies) = postProject
		{4A4F9202-3F4C-46C3-BBF5-4C86C1EE20A0} = {4A4F9202-3F4C-46C3-BBF5-4C86C1EE20A0}
		{83618132-680F-491F-8DE6-73EECEACC393} = {83618132-680F-491F-8DE6-73EECEACC393}
		{9DED0143-FA77-444C-ABCA-4497B19618A4} = {9DED0143-FA77-444C-ABCA-4497B19618A4}
		{1A10F3F3-66AD-4897-9268-A7BA41CC3A39} = {1A10F3F3-66AD-4897-9268-A7BA41CC3A39}
	EndProjectSection
EndProject
Project("{8BC9CEB8-8B4A-11D0-8D11-00A0C91BC942}") = "stdshader_dx8", "..\materialsystem\stdshaders\stdshader_dx8.vcxproj", "{50AF6F8A-7832-437A-956E-A35CD5EAFA15}"
	ProjectSection(ProjectDependencies) = postProject
		{4A4F9202-3F4C-46C3-BBF5-4C86C1EE20A0} = {4A4F9202-3F4C-46C3-BBF5-4C86C1EE20A0}
		{83618132-680F-491F-8DE6-73EECEACC393} = {83618132-680F-491F-8DE6-73EECEACC393}
		{99A42256-89F8-4BEB-9A28-005BD0BB6E4B} = {99A42256-89F8-4BEB-9A28-005BD0BB6E4B}
		{1A10F3F3-66AD-4897-9268-A7BA41CC3A39} = {1A10F3F3-66AD-4897-9268-A7BA41CC3A39}
	EndProjectSection
EndProject
Project("{8BC9CEB8-8B4A-11D0-8D11-00A0C91BC942}") = "stdshader_dx9", "..\materialsystem\stdshaders\stdshader_dx9.vcxproj", "{69BF968F-FBEB-4FBD-89D2-47EFB35760D1}"
	ProjectSection(ProjectDependencies) = postProject
		{4A4F9202-3F4C-46C3-BBF5-4C86C1EE20A0} = {4A4F9202-3F4C-46C3-BBF5-4C86C1EE20A0}
		{83618132-680F-491F-8DE6-73EECEACC393} = {83618132-680F-491F-8DE6-73EECEACC393}
		{50AF6F8A-7832-437A-956E-A35CD5EAFA15} = {50AF6F8A-7832-437A-956E-A35CD5EAFA15}
		{1A10F3F3-66AD-4897-9268-A7BA41CC3A39} = {1A10F3F3-66AD-4897-9268-A7BA41CC3A39}
	EndProjectSection
EndProject
Project("{8BC9CEB8-8B4A-11D0-8D11-00A0C91BC942}") = "stdshader_hdr_dx9", "..\materialsystem\stdshaders\stdshader_hdr_dx9.vcxproj", "{532C29B3-E528-4D67-9E5D-2B5A54441D57}"
	ProjectSection(ProjectDependencies) = postProject
		{4A4F9202-3F4C-46C3-BBF5-4C86C1EE20A0} = {4A4F9202-3F4C-46C3-BBF5-4C86C1EE20A0}
		{83618132-680F-491F-8DE6-73EECEACC393} = {83618132-680F-491F-8DE6-73EECEACC393}
		{69BF968F-FBEB-4FBD-89D2-47EFB35760D1} = {69BF968F-FBEB-4FBD-89D2-47EFB35760D1}
		{1A10F3F3-66AD-4897-9268-A7BA41CC3A39} = {1A10F3F3-66AD-4897-9268-A7BA41CC3A39}
	EndProjectSection
EndProject
Project("{8BC9CEB8-8B4A-11D0-8D11-00A0C91BC942}") = "shader_nvfx", "..\materialsystem\stdshaders\shader_nvfx.vcxproj", "{D66A18D1-2A79-4222-8336-11222000C4A4}"
	ProjectSection(ProjectDependencies) = postProject
		{4A4F9202-3F4C-46C3-BBF5-4C86C1EE20A0} = {4A4F9202-3F4C-46C3-BBF5-4C86C1EE20A0}
		{83618132-680F-491F-8DE6-73EECEACC393} = {83618132-680F-491F-8DE6-73EECEACC393}
		{9DED0143-FA77-444C-ABCA-4497B19618A4} = {9DED0143-FA77-444C-ABCA-4497B19618A4}
		{99A42256-89F8-4BEB-9A28-005BD0BB6E4B} = {99A42256-89F8-4BEB-9A28-005BD0BB6E4B}
		{50AF6F8A-7832-437A-956E-A35CD5EAFA15} = {50AF6F8A-7832-437A-956E-A35CD5EAFA15}
		{69BF968F-FBEB-4FBD-89D2-47EFB35760D1} = {69BF968F-FBEB-4FBD-89D2-47EFB35760D1}
		{532C29B3-E528-4D67-9E5D-2B5A54441D57} = {532C29B3-E528-4D67-9E5D-2B5A54441D57}
		{F4A9DAEB-51B8-4DE6-B55F-962454D907E4} = {F4A9DAEB-51B8-4DE6-B55F-962454D907E4}
		{1A10F3F3-66AD-4897-9268-A7BA41CC3A39} = {1A10F3F3-66AD-4897-9268-A7BA41CC3A39}
	EndProjectSection
EndProject
Project("{8BC9CEB8-8B4A-11D0-8D11-00A0C91BC942}") = "shader_nvfx_ps20", "..\materialsystem\stdshaders\shader_nvfx_ps20.vcxproj", "{5B787882-0611-4642-90BD-37230BA5A6C4}"
	ProjectSection(ProjectDependencies) = postProject
		{4A4F9202-3F4C-46C3-BBF5-4C86C1EE20A0} = {4A4F9202-3F4C-46C3-BBF5-4C86C1EE20A0}
		{83618132-680F-491F-8DE6-73EECEACC393} = {83618132-680F-491F-8DE6-73EECEACC393}
		{9DED0143-FA77-444C-ABCA-4497B19618A4} = {9DED0143-FA77-444C-ABCA-4497B19618A4}
		{99A42256-89F8-4BEB-9A28-005BD0BB6E4B} = {99A42256-89F8-4BEB-9A28-005BD0BB6E4B}
		{50AF6F8A-7832-437A-956E-A35CD5EAFA15} = {50AF6F8A-7832-437A-956E-A35CD5EAFA15}
		{69BF968F-FBEB-4FBD-89D2-47EFB35760D1} = {69BF968F-FBEB-4FBD-89D2-47EFB35760D1}
		{532C29B3-E528-4D67-9E5D-2B5A54441D57} = {532C29B3-E528-4D67-9E5D-2B5A54441D57}
		{D66A18D1-2A79-4222-8336-11222000C4A4} = {D66A18D1-2A79-4222-8336-11222000C4A4}
		{F4A9DAEB-51B8-4DE6-B55F-962454D907E4} = {F4A9DAEB-51B8-4DE6-B55F-962454D907E4}
		{1A10F3F3-66AD-4897-9268-A7BA41CC3A39} = {1A10F3F3-66AD-4897-9268-A7BA41CC3A39}
	EndProjectSection
EndProject
Project("{8BC9CEB8-8B4A-11D0-8D11-00A0C91BC942}") = "unitlib", "..\unitlib\unitlib.vcxproj", "{385EE5AF-9279-4EF9-A098-11BB542AB5F5}"
	ProjectSection(ProjectDependencies) = postProject
		{83618132-680F-491F-8DE6-73EECEACC393} = {83618132-680F-491F-8DE6-73EECEACC393}
	EndProjectSection
EndProject
Project("{8BC9CEB8-8B4A-11D0-8D11-00A0C91BC942}") = "shaderapiempty", "..\materialsystem\shaderempty\shaderempty.vcxproj", "{A42D3682-E7A0-47C1-8F40-286304685871}"
EndProject
Project("{8BC9CEB8-8B4A-11D0-8D11-00A0C91BC942}") = "shaderapidx8", "..\materialsystem\shaderdx8\shaderdx8.vcxproj", "{59D95977-E291-4553-BEC8-0FB799EEB677}"
	ProjectSection(ProjectDependencies) = postProject
		{83618132-680F-491F-8DE6-73EECEACC393} = {83618132-680F-491F-8DE6-73EECEACC393}
		{1A10F3F3-66AD-4897-9268-A7BA41CC3A39} = {1A10F3F3-66AD-4897-9268-A7BA41CC3A39}
	EndProjectSection
EndProject
Project("{8BC9CEB8-8B4A-11D0-8D11-00A0C91BC942}") = "MaterialSystem", "..\materialsystem\materialsystem.vcxproj", "{376C26EF-6512-4219-88BD-A214BC0627AB}"
	ProjectSection(ProjectDependencies) = postProject
		{4A4F9202-3F4C-46C3-BBF5-4C86C1EE20A0} = {4A4F9202-3F4C-46C3-BBF5-4C86C1EE20A0}
		{83618132-680F-491F-8DE6-73EECEACC393} = {83618132-680F-491F-8DE6-73EECEACC393}
		{8510DA71-0C34-423C-AABB-056A5BB26DA6} = {8510DA71-0C34-423C-AABB-056A5BB26DA6}
		{1A10F3F3-66AD-4897-9268-A7BA41CC3A39} = {1A10F3F3-66AD-4897-9268-A7BA41CC3A39}
	EndProjectSection
EndProject
Project("{8BC9CEB8-8B4A-11D0-8D11-00A0C91BC942}") = "mxtoolkitwin32", "..\utils\mxtk\msvc\mxtoolkitwin32.vcxproj", "{2E19DCCB-0857-44A8-B30F-A043BE655897}"
EndProject
Project("{8BC9CEB8-8B4A-11D0-8D11-00A0C91BC942}") = "vgui_surfacelib", "..\vgui2\vgui_surfacelib\vgui_surfacelib.vcxproj", "{6635273C-36B8-4C45-83C3-DD713FB0F4D7}"
EndProject
Project("{8BC9CEB8-8B4A-11D0-8D11-00A0C91BC942}") = "vgui2", "..\vgui2\src\vgui_dll.vcxproj", "{63976CFF-452A-4452-971F-DA0F4AD3AEAF}"
	ProjectSection(ProjectDependencies) = postProject
		{83618132-680F-491F-8DE6-73EECEACC393} = {83618132-680F-491F-8DE6-73EECEACC393}
		{6635273C-36B8-4C45-83C3-DD713FB0F4D7} = {6635273C-36B8-4C45-83C3-DD713FB0F4D7}
		{1A10F3F3-66AD-4897-9268-A7BA41CC3A39} = {1A10F3F3-66AD-4897-9268-A7BA41CC3A39}
	EndProjectSection
EndProject
Project("{8BC9CEB8-8B4A-11D0-8D11-00A0C91BC942}") = "vgui_controls", "..\vgui2\controls\vgui_controls.vcxproj", "{28900E72-9E3A-47BB-A2B3-361184E8CEF2}"
	ProjectSection(ProjectDependencies) = postProject
		{83618132-680F-491F-8DE6-73EECEACC393} = {83618132-680F-491F-8DE6-73EECEACC393}
	EndProjectSection
EndProject
Project("{8BC9CEB8-8B4A-11D0-8D11-00A0C91BC942}") = "ivp_physics", "..\ivp\ivp_workspaces_src\win32\ivp_physics_lib.vcxproj", "{A0EF4D27-D2EA-486E-B307-91E8BAB166C7}"
EndProject
Project("{8BC9CEB8-8B4A-11D0-8D11-00A0C91BC942}") = "ivp_compactbuilder", "..\ivp\ivp_workspaces_src\win32\ivp_compactbuilder_lib.vcxproj", "{8928849A-AB0E-4EA1-B020-C4835119904E}"
EndProject
Project("{8BC9CEB8-8B4A-11D0-8D11-00A0C91BC942}") = "vphysics", "..\vphysics\vphysics.vcxproj", "{8FE8C309-B308-425C-A149-D4243AEB104A}"
	ProjectSection(ProjectDependencies) = postProject
		{A0EF4D27-D2EA-486E-B307-91E8BAB166C7} = {A0EF4D27-D2EA-486E-B307-91E8BAB166C7}
		{3E505E2D-D860-4F2B-8738-345EB0E55CE4} = {3E505E2D-D860-4F2B-8738-345EB0E55CE4}
		{83618132-680F-491F-8DE6-73EECEACC393} = {83618132-680F-491F-8DE6-73EECEACC393}
		{645BE64D-4B14-48E2-93E4-35E35695E47F} = {645BE64D-4B14-48E2-93E4-35E35695E47F}
		{AD8A1F95-D977-4B2A-8B1C-94BA990BF48B} = {AD8A1F95-D977-4B2A-8B1C-94BA990BF48B}
		{8928849A-AB0E-4EA1-B020-C4835119904E} = {8928849A-AB0E-4EA1-B020-C4835119904E}
		{1A10F3F3-66AD-4897-9268-A7BA41CC3A39} = {1A10F3F3-66AD-4897-9268-A7BA41CC3A39}
	EndProjectSection
EndProject
Project("{8BC9CEB8-8B4A-11D0-8D11-00A0C91BC942}") = "hk_base", "..\ivp\havana\havok\hk_base\hk_base.vcxproj", "{AD8A1F95-D977-4B2A-8B1C-94BA990BF48B}"
EndProject
Project("{8BC9CEB8-8B4A-11D0-8D11-00A0C91BC942}") = "hk_math", "..\ivp\havana\havok\hk_math\hk_math.vcxproj", "{645BE64D-4B14-48E2-93E4-35E35695E47F}"
EndProject
Project("{8BC9CEB8-8B4A-11D0-8D11-00A0C91BC942}") = "havana_constraints", "..\ivp\ivp_workspaces_src\win32\havana_constraints.vcxproj", "{3E505E2D-D860-4F2B-8738-345EB0E55CE4}"
EndProject
Project("{8BC9CEB8-8B4A-11D0-8D11-00A0C91BC942}") = "StudioRender", "..\studiorender\studiorender.vcxproj", "{8E8F839C-04CC-4467-87DF-25FC82333350}"
	ProjectSection(ProjectDependencies) = postProject
		{83618132-680F-491F-8DE6-73EECEACC393} = {83618132-680F-491F-8DE6-73EECEACC393}
		{1A10F3F3-66AD-4897-9268-A7BA41CC3A39} = {1A10F3F3-66AD-4897-9268-A7BA41CC3A39}
	EndProjectSection
EndProject
Project("{8BC9CEB8-8B4A-11D0-8D11-00A0C91BC942}") = "FileSystem_Stdio", "..\filesystem\filesystem_stdio\filesystem_stdio.vcxproj", "{8B7FB425-96B6-4934-A810-343A902303FE}"
	ProjectSection(ProjectDependencies) = postProject
		{83618132-680F-491F-8DE6-73EECEACC393} = {83618132-680F-491F-8DE6-73EECEACC393}
		{1A10F3F3-66AD-4897-9268-A7BA41CC3A39} = {1A10F3F3-66AD-4897-9268-A7BA41CC3A39}
	EndProjectSection
EndProject
Project("{8BC9CEB8-8B4A-11D0-8D11-00A0C91BC942}") = "FileSystem_Steam", "..\filesystem\filesystem_stdio\filesystem_steam.vcxproj", "{D662A414-DF9B-48D3-8858-3046ADC4DD01}"
	ProjectSection(ProjectDependencies) = postProject
		{83618132-680F-491F-8DE6-73EECEACC393} = {83618132-680F-491F-8DE6-73EECEACC393}
		{1A10F3F3-66AD-4897-9268-A7BA41CC3A39} = {1A10F3F3-66AD-4897-9268-A7BA41CC3A39}
	EndProjectSection
EndProject
Project("{8BC9CEB8-8B4A-11D0-8D11-00A0C91BC942}") = "appframework", "..\appframework\appframework.vcxproj", "{ECEBB89D-9B58-4AA0-B52D-B081AD1EDE5A}"
EndProject
Project("{8BC9CEB8-8B4A-11D0-8D11-00A0C91BC942}") = "vguimatsurface", "..\vguimatsurface\vguimatsurface.vcxproj", "{B863D229-38E9-4D11-A5B6-F37B1B5140DC}"
	ProjectSection(ProjectDependencies) = postProject
		{83618132-680F-491F-8DE6-73EECEACC393} = {83618132-680F-491F-8DE6-73EECEACC393}
		{6635273C-36B8-4C45-83C3-DD713FB0F4D7} = {6635273C-36B8-4C45-83C3-DD713FB0F4D7}
		{28900E72-9E3A-47BB-A2B3-361184E8CEF2} = {28900E72-9E3A-47BB-A2B3-361184E8CEF2}
		{1A10F3F3-66AD-4897-9268-A7BA41CC3A39} = {1A10F3F3-66AD-4897-9268-A7BA41CC3A39}
	EndProjectSection
EndProject
Project("{8BC9CEB8-8B4A-11D0-8D11-00A0C91BC942}") = "miles", "..\engine\voice_codecs\miles\miles.vcxproj", "{6AF59313-89D3-4D75-AD4E-88EA9BF1FAC2}"
	ProjectSection(ProjectDependencies) = postProject
		{83618132-680F-491F-8DE6-73EECEACC393} = {83618132-680F-491F-8DE6-73EECEACC393}
		{1A10F3F3-66AD-4897-9268-A7BA41CC3A39} = {1A10F3F3-66AD-4897-9268-A7BA41CC3A39}
	EndProjectSection
EndProject
Project("{8BC9CEB8-8B4A-11D0-8D11-00A0C91BC942}") = "GameUI", "..\gameui\GameUI.vcxproj", "{B159C945-CF43-40D7-B84D-DEDCF2E4B754}"
	ProjectSection(ProjectDependencies) = postProject
		{83618132-680F-491F-8DE6-73EECEACC393} = {83618132-680F-491F-8DE6-73EECEACC393}
		{28900E72-9E3A-47BB-A2B3-361184E8CEF2} = {28900E72-9E3A-47BB-A2B3-361184E8CEF2}
		{1A10F3F3-66AD-4897-9268-A7BA41CC3A39} = {1A10F3F3-66AD-4897-9268-A7BA41CC3A39}
	EndProjectSection
EndProject
Project("{8BC9CEB8-8B4A-11D0-8D11-00A0C91BC942}") = "ServerBrowser", "..\Tracker\ServerBrowser\ServerBrowser.vcxproj", "{13294A0A-7D51-47E5-8C8E-932EDE0E1D8F}"
	ProjectSection(ProjectDependencies) = postProject
		{83618132-680F-491F-8DE6-73EECEACC393} = {83618132-680F-491F-8DE6-73EECEACC393}
		{28900E72-9E3A-47BB-A2B3-361184E8CEF2} = {28900E72-9E3A-47BB-A2B3-361184E8CEF2}
		{1A10F3F3-66AD-4897-9268-A7BA41CC3A39} = {1A10F3F3-66AD-4897-9268-A7BA41CC3A39}
	EndProjectSection
EndProject
Project("{2150E333-8FDC-42A3-9474-1A3956D46DE8}") = "Common", "Common", "{25981F84-08D3-4188-9266-0FC3A3906181}"
EndProject
Project("{2150E333-8FDC-42A3-9474-1A3956D46DE8}") = "Physics", "Physics", "{450E3F22-B84D-4A2C-A1F2-FBF5C0589E79}"
EndProject
Project("{2150E333-8FDC-42A3-9474-1A3956D46DE8}") = "VGUI", "VGUI", "{5C36B398-1E44-484F-944C-FDAF0A8C2AC3}"
EndProject
Project("{2150E333-8FDC-42A3-9474-1A3956D46DE8}") = "Shaders", "Shaders", "{3C8F334B-4540-4ACB-A38A-E31909A42692}"
EndProject
Project("{8BC9CEB8-8B4A-11D0-8D11-00A0C91BC942}") = "vmpi", "..\utils\vmpi\vmpi.vcxproj", "{26A17136-B7EC-443E-906E-6D876A42027E}"
EndProject
Project("{8BC9CEB8-8B4A-11D0-8D11-00A0C91BC942}") = "vbspinfo", "..\utils\vbspinfo\vbspinfo.vcxproj", "{213FCBF4-89C1-4F8B-9A7C-A093E22FB102}"
	ProjectSection(ProjectDependencies) = postProject
		{83618132-680F-491F-8DE6-73EECEACC393} = {83618132-680F-491F-8DE6-73EECEACC393}
		{1A10F3F3-66AD-4897-9268-A7BA41CC3A39} = {1A10F3F3-66AD-4897-9268-A7BA41CC3A39}
	EndProjectSection
EndProject
Project("{8BC9CEB8-8B4A-11D0-8D11-00A0C91BC942}") = "vbsp", "..\utils\vbsp\vbsp.vcxproj", "{0B48FC0B-9894-4270-8396-A4023BFBDCAB}"
	ProjectSection(ProjectDependencies) = postProject
		{83618132-680F-491F-8DE6-73EECEACC393} = {83618132-680F-491F-8DE6-73EECEACC393}
		{8510DA71-0C34-423C-AABB-056A5BB26DA6} = {8510DA71-0C34-423C-AABB-056A5BB26DA6}
		{1A10F3F3-66AD-4897-9268-A7BA41CC3A39} = {1A10F3F3-66AD-4897-9268-A7BA41CC3A39}
	EndProjectSection
EndProject
Project("{8BC9CEB8-8B4A-11D0-8D11-00A0C91BC942}") = "vrad", "..\utils\vrad\vrad.vcxproj", "{FF276D97-D73F-4FEA-97BE-32B064E49A4D}"
	ProjectSection(ProjectDependencies) = postProject
		{83618132-680F-491F-8DE6-73EECEACC393} = {83618132-680F-491F-8DE6-73EECEACC393}
		{26A17136-B7EC-443E-906E-6D876A42027E} = {26A17136-B7EC-443E-906E-6D876A42027E}
		{8510DA71-0C34-423C-AABB-056A5BB26DA6} = {8510DA71-0C34-423C-AABB-056A5BB26DA6}
		{1A10F3F3-66AD-4897-9268-A7BA41CC3A39} = {1A10F3F3-66AD-4897-9268-A7BA41CC3A39}
	EndProjectSection
EndProject
Project("{8BC9CEB8-8B4A-11D0-8D11-00A0C91BC942}") = "vrad_launcher", "..\utils\vrad_launcher\vrad_launcher.vcxproj", "{BD379E55-8070-44DF-BB23-EEB7DDC108D2}"
	ProjectSection(ProjectDependencies) = postProject
		{83618132-680F-491F-8DE6-73EECEACC393} = {83618132-680F-491F-8DE6-73EECEACC393}
		{1A10F3F3-66AD-4897-9268-A7BA41CC3A39} = {1A10F3F3-66AD-4897-9268-A7BA41CC3A39}
	EndProjectSection
EndProject
Project("{8BC9CEB8-8B4A-11D0-8D11-00A0C91BC942}") = "vvis", "..\utils\vvis\vvis.vcxproj", "{83B2BF55-7A57-4F8C-9879-17CBC8E1F1A1}"
	ProjectSection(ProjectDependencies) = postProject
		{83618132-680F-491F-8DE6-73EECEACC393} = {83618132-680F-491F-8DE6-73EECEACC393}
		{26A17136-B7EC-443E-906E-6D876A42027E} = {26A17136-B7EC-443E-906E-6D876A42027E}
		{1A10F3F3-66AD-4897-9268-A7BA41CC3A39} = {1A10F3F3-66AD-4897-9268-A7BA41CC3A39}
	EndProjectSection
EndProject
Project("{8BC9CEB8-8B4A-11D0-8D11-00A0C91BC942}") = "vvis_launcher", "..\utils\vvis_launcher\vvis_launcher.vcxproj", "{F421E65B-EAF7-4FDE-AC88-0E4E9362320D}"
	ProjectSection(ProjectDependencies) = postProject
		{1A10F3F3-66AD-4897-9268-A7BA41CC3A39} = {1A10F3F3-66AD-4897-9268-A7BA41CC3A39}
	EndProjectSection
EndProject
Project("{8BC9CEB8-8B4A-11D0-8D11-00A0C91BC942}") = "NVTriStripLib", "..\utils\nvtristriplib\nvtristriplib.vcxproj", "{E6767EC6-9783-4466-8A64-53C4557A009B}"
EndProject
Global
	GlobalSection(SolutionConfigurationPlatforms) = preSolution
		Debug|x86 = Debug|x86
		Release|x86 = Release|x86
		Template|x86 = Template|x86
	EndGlobalSection
	GlobalSection(ProjectConfigurationPlatforms) = postSolution
		{83618132-680F-491F-8DE6-73EECEACC393}.Debug|x86.ActiveCfg = Debug|Win32
		{83618132-680F-491F-8DE6-73EECEACC393}.Debug|x86.Build.0 = Debug|Win32
		{83618132-680F-491F-8DE6-73EECEACC393}.Release|x86.ActiveCfg = Release|Win32
		{83618132-680F-491F-8DE6-73EECEACC393}.Release|x86.Build.0 = Release|Win32
		{83618132-680F-491F-8DE6-73EECEACC393}.Template|x86.ActiveCfg = Release|Win32
		{83618132-680F-491F-8DE6-73EECEACC393}.Template|x86.Build.0 = Release|Win32
		{1A10F3F3-66AD-4897-9268-A7BA41CC3A39}.Debug|x86.ActiveCfg = Debug|Win32
		{1A10F3F3-66AD-4897-9268-A7BA41CC3A39}.Debug|x86.Build.0 = Debug|Win32
		{1A10F3F3-66AD-4897-9268-A7BA41CC3A39}.Release|x86.ActiveCfg = Release|Win32
		{1A10F3F3-66AD-4897-9268-A7BA41CC3A39}.Release|x86.Build.0 = Release|Win32
		{1A10F3F3-66AD-4897-9268-A7BA41CC3A39}.Template|x86.ActiveCfg = Template|Win32
		{1A10F3F3-66AD-4897-9268-A7BA41CC3A39}.Template|x86.Build.0 = Template|Win32
		{8510DA71-0C34-423C-AABB-056A5BB26DA6}.Debug|x86.ActiveCfg = Debug|Win32
		{8510DA71-0C34-423C-AABB-056A5BB26DA6}.Debug|x86.Build.0 = Debug|Win32
		{8510DA71-0C34-423C-AABB-056A5BB26DA6}.Release|x86.ActiveCfg = Release|Win32
		{8510DA71-0C34-423C-AABB-056A5BB26DA6}.Release|x86.Build.0 = Release|Win32
		{8510DA71-0C34-423C-AABB-056A5BB26DA6}.Template|x86.ActiveCfg = Release|Win32
		{8510DA71-0C34-423C-AABB-056A5BB26DA6}.Template|x86.Build.0 = Release|Win32
		{4A4F9202-3F4C-46C3-BBF5-4C86C1EE20A0}.Debug|x86.ActiveCfg = Debug|Win32
		{4A4F9202-3F4C-46C3-BBF5-4C86C1EE20A0}.Debug|x86.Build.0 = Debug|Win32
		{4A4F9202-3F4C-46C3-BBF5-4C86C1EE20A0}.Release|x86.ActiveCfg = Release|Win32
		{4A4F9202-3F4C-46C3-BBF5-4C86C1EE20A0}.Release|x86.Build.0 = Release|Win32
		{4A4F9202-3F4C-46C3-BBF5-4C86C1EE20A0}.Template|x86.ActiveCfg = Template|Win32
		{4A4F9202-3F4C-46C3-BBF5-4C86C1EE20A0}.Template|x86.Build.0 = Template|Win32
		{F4A9DAEB-51B8-4DE6-B55F-962454D907E4}.Debug|x86.ActiveCfg = Debug|Win32
		{F4A9DAEB-51B8-4DE6-B55F-962454D907E4}.Debug|x86.Build.0 = Debug|Win32
		{F4A9DAEB-51B8-4DE6-B55F-962454D907E4}.Release|x86.ActiveCfg = Release|Win32
		{F4A9DAEB-51B8-4DE6-B55F-962454D907E4}.Release|x86.Build.0 = Release|Win32
		{F4A9DAEB-51B8-4DE6-B55F-962454D907E4}.Template|x86.ActiveCfg = Template|Win32
		{F4A9DAEB-51B8-4DE6-B55F-962454D907E4}.Template|x86.Build.0 = Template|Win32
		{9DED0143-FA77-444C-ABCA-4497B19618A4}.Debug|x86.ActiveCfg = Debug|Win32
		{9DED0143-FA77-444C-ABCA-4497B19618A4}.Debug|x86.Build.0 = Debug|Win32
		{9DED0143-FA77-444C-ABCA-4497B19618A4}.Release|x86.ActiveCfg = Release|Win32
		{9DED0143-FA77-444C-ABCA-4497B19618A4}.Release|x86.Build.0 = Release|Win32
		{9DED0143-FA77-444C-ABCA-4497B19618A4}.Template|x86.ActiveCfg = Release|Win32
		{9DED0143-FA77-444C-ABCA-4497B19618A4}.Template|x86.Build.0 = Release|Win32
		{99A42256-89F8-4BEB-9A28-005BD0BB6E4B}.Debug|x86.ActiveCfg = Debug|Win32
		{99A42256-89F8-4BEB-9A28-005BD0BB6E4B}.Debug|x86.Build.0 = Debug|Win32
		{99A42256-89F8-4BEB-9A28-005BD0BB6E4B}.Release|x86.ActiveCfg = Release|Win32
		{99A42256-89F8-4BEB-9A28-005BD0BB6E4B}.Release|x86.Build.0 = Release|Win32
		{99A42256-89F8-4BEB-9A28-005BD0BB6E4B}.Template|x86.ActiveCfg = Template|Win32
		{99A42256-89F8-4BEB-9A28-005BD0BB6E4B}.Template|x86.Build.0 = Template|Win32
		{50AF6F8A-7832-437A-956E-A35CD5EAFA15}.Debug|x86.ActiveCfg = Debug|Win32
		{50AF6F8A-7832-437A-956E-A35CD5EAFA15}.Debug|x86.Build.0 = Debug|Win32
		{50AF6F8A-7832-437A-956E-A35CD5EAFA15}.Release|x86.ActiveCfg = Release|Win32
		{50AF6F8A-7832-437A-956E-A35CD5EAFA15}.Release|x86.Build.0 = Release|Win32
		{50AF6F8A-7832-437A-956E-A35CD5EAFA15}.Template|x86.ActiveCfg = Release|Win32
		{50AF6F8A-7832-437A-956E-A35CD5EAFA15}.Template|x86.Build.0 = Release|Win32
		{69BF968F-FBEB-4FBD-89D2-47EFB35760D1}.Debug|x86.ActiveCfg = Debug|Win32
		{69BF968F-FBEB-4FBD-89D2-47EFB35760D1}.Debug|x86.Build.0 = Debug|Win32
		{69BF968F-FBEB-4FBD-89D2-47EFB35760D1}.Release|x86.ActiveCfg = Release|Win32
		{69BF968F-FBEB-4FBD-89D2-47EFB35760D1}.Release|x86.Build.0 = Release|Win32
		{69BF968F-FBEB-4FBD-89D2-47EFB35760D1}.Template|x86.ActiveCfg = Template|Win32
		{69BF968F-FBEB-4FBD-89D2-47EFB35760D1}.Template|x86.Build.0 = Template|Win32
		{532C29B3-E528-4D67-9E5D-2B5A54441D57}.Debug|x86.ActiveCfg = Debug|Win32
		{532C29B3-E528-4D67-9E5D-2B5A54441D57}.Debug|x86.Build.0 = Debug|Win32
		{532C29B3-E528-4D67-9E5D-2B5A54441D57}.Release|x86.ActiveCfg = Release|Win32
		{532C29B3-E528-4D67-9E5D-2B5A54441D57}.Release|x86.Build.0 = Release|Win32
		{532C29B3-E528-4D67-9E5D-2B5A54441D57}.Template|x86.ActiveCfg = Release|Win32
		{532C29B3-E528-4D67-9E5D-2B5A54441D57}.Template|x86.Build.0 = Release|Win32
		{D66A18D1-2A79-4222-8336-11222000C4A4}.Debug|x86.ActiveCfg = Debug|Win32
		{D66A18D1-2A79-4222-8336-11222000C4A4}.Debug|x86.Build.0 = Debug|Win32
		{D66A18D1-2A79-4222-8336-11222000C4A4}.Release|x86.ActiveCfg = Release|Win32
		{D66A18D1-2A79-4222-8336-11222000C4A4}.Release|x86.Build.0 = Release|Win32
		{D66A18D1-2A79-4222-8336-11222000C4A4}.Template|x86.ActiveCfg = Template|Win32
		{D66A18D1-2A79-4222-8336-11222000C4A4}.Template|x86.Build.0 = Template|Win32
		{5B787882-0611-4642-90BD-37230BA5A6C4}.Debug|x86.ActiveCfg = Debug|Win32
		{5B787882-0611-4642-90BD-37230BA5A6C4}.Debug|x86.Build.0 = Debug|Win32
		{5B787882-0611-4642-90BD-37230BA5A6C4}.Release|x86.ActiveCfg = Release|Win32
		{5B787882-0611-4642-90BD-37230BA5A6C4}.Release|x86.Build.0 = Release|Win32
		{5B787882-0611-4642-90BD-37230BA5A6C4}.Template|x86.ActiveCfg = Template|Win32
		{5B787882-0611-4642-90BD-37230BA5A6C4}.Template|x86.Build.0 = Template|Win32
		{385EE5AF-9279-4EF9-A098-11BB542AB5F5}.Debug|x86.ActiveCfg = Debug|Win32
		{385EE5AF-9279-4EF9-A098-11BB542AB5F5}.Debug|x86.Build.0 = Debug|Win32
		{385EE5AF-9279-4EF9-A098-11BB542AB5F5}.Release|x86.ActiveCfg = Release|Win32
		{385EE5AF-9279-4EF9-A098-11BB542AB5F5}.Release|x86.Build.0 = Release|Win32
		{385EE5AF-9279-4EF9-A098-11BB542AB5F5}.Template|x86.ActiveCfg = Template|Win32
		{385EE5AF-9279-4EF9-A098-11BB542AB5F5}.Template|x86.Build.0 = Template|Win32
		{A42D3682-E7A0-47C1-8F40-286304685871}.Debug|x86.ActiveCfg = Debug|Win32
		{A42D3682-E7A0-47C1-8F40-286304685871}.Debug|x86.Build.0 = Debug|Win32
		{A42D3682-E7A0-47C1-8F40-286304685871}.Release|x86.ActiveCfg = Release|Win32
		{A42D3682-E7A0-47C1-8F40-286304685871}.Release|x86.Build.0 = Release|Win32
		{A42D3682-E7A0-47C1-8F40-286304685871}.Template|x86.ActiveCfg = Template|Win32
		{A42D3682-E7A0-47C1-8F40-286304685871}.Template|x86.Build.0 = Template|Win32
		{59D95977-E291-4553-BEC8-0FB799EEB677}.Debug|x86.ActiveCfg = Debug|Win32
		{59D95977-E291-4553-BEC8-0FB799EEB677}.Debug|x86.Build.0 = Debug|Win32
		{59D95977-E291-4553-BEC8-0FB799EEB677}.Release|x86.ActiveCfg = Release|Win32
		{59D95977-E291-4553-BEC8-0FB799EEB677}.Release|x86.Build.0 = Release|Win32
		{59D95977-E291-4553-BEC8-0FB799EEB677}.Template|x86.ActiveCfg = Release|Win32
		{59D95977-E291-4553-BEC8-0FB799EEB677}.Template|x86.Build.0 = Release|Win32
		{376C26EF-6512-4219-88BD-A214BC0627AB}.Debug|x86.ActiveCfg = Debug|Win32
		{376C26EF-6512-4219-88BD-A214BC0627AB}.Debug|x86.Build.0 = Debug|Win32
		{376C26EF-6512-4219-88BD-A214BC0627AB}.Release|x86.ActiveCfg = Release|Win32
		{376C26EF-6512-4219-88BD-A214BC0627AB}.Release|x86.Build.0 = Release|Win32
		{376C26EF-6512-4219-88BD-A214BC0627AB}.Template|x86.ActiveCfg = Template|Win32
		{376C26EF-6512-4219-88BD-A214BC0627AB}.Template|x86.Build.0 = Template|Win32
		{2E19DCCB-0857-44A8-B30F-A043BE655897}.Debug|x86.ActiveCfg = Debug|Win32
		{2E19DCCB-0857-44A8-B30F-A043BE655897}.Debug|x86.Build.0 = Debug|Win32
		{2E19DCCB-0857-44A8-B30F-A043BE655897}.Release|x86.ActiveCfg = Release|Win32
		{2E19DCCB-0857-44A8-B30F-A043BE655897}.Release|x86.Build.0 = Release|Win32
		{2E19DCCB-0857-44A8-B30F-A043BE655897}.Template|x86.ActiveCfg = Template|Win32
		{2E19DCCB-0857-44A8-B30F-A043BE655897}.Template|x86.Build.0 = Template|Win32
		{6635273C-36B8-4C45-83C3-DD713FB0F4D7}.Debug|x86.ActiveCfg = Debug|Win32
		{6635273C-36B8-4C45-83C3-DD713FB0F4D7}.Debug|x86.Build.0 = Debug|Win32
		{6635273C-36B8-4C45-83C3-DD713FB0F4D7}.Release|x86.ActiveCfg = Release|Win32
		{6635273C-36B8-4C45-83C3-DD713FB0F4D7}.Release|x86.Build.0 = Release|Win32
		{6635273C-36B8-4C45-83C3-DD713FB0F4D7}.Template|x86.ActiveCfg = Template|Win32
		{6635273C-36B8-4C45-83C3-DD713FB0F4D7}.Template|x86.Build.0 = Template|Win32
		{63976CFF-452A-4452-971F-DA0F4AD3AEAF}.Debug|x86.ActiveCfg = Debug|Win32
		{63976CFF-452A-4452-971F-DA0F4AD3AEAF}.Debug|x86.Build.0 = Debug|Win32
		{63976CFF-452A-4452-971F-DA0F4AD3AEAF}.Release|x86.ActiveCfg = Release|Win32
		{63976CFF-452A-4452-971F-DA0F4AD3AEAF}.Release|x86.Build.0 = Release|Win32
		{63976CFF-452A-4452-971F-DA0F4AD3AEAF}.Template|x86.ActiveCfg = Template|Win32
		{63976CFF-452A-4452-971F-DA0F4AD3AEAF}.Template|x86.Build.0 = Template|Win32
		{28900E72-9E3A-47BB-A2B3-361184E8CEF2}.Debug|x86.ActiveCfg = Debug|Win32
		{28900E72-9E3A-47BB-A2B3-361184E8CEF2}.Debug|x86.Build.0 = Debug|Win32
		{28900E72-9E3A-47BB-A2B3-361184E8CEF2}.Release|x86.ActiveCfg = Release|Win32
		{28900E72-9E3A-47BB-A2B3-361184E8CEF2}.Release|x86.Build.0 = Release|Win32
		{28900E72-9E3A-47BB-A2B3-361184E8CEF2}.Template|x86.ActiveCfg = Template|Win32
		{28900E72-9E3A-47BB-A2B3-361184E8CEF2}.Template|x86.Build.0 = Template|Win32
		{A0EF4D27-D2EA-486E-B307-91E8BAB166C7}.Debug|x86.ActiveCfg = Debug|Win32
		{A0EF4D27-D2EA-486E-B307-91E8BAB166C7}.Debug|x86.Build.0 = Debug|Win32
		{A0EF4D27-D2EA-486E-B307-91E8BAB166C7}.Release|x86.ActiveCfg = Release|Win32
		{A0EF4D27-D2EA-486E-B307-91E8BAB166C7}.Release|x86.Build.0 = Release|Win32
		{A0EF4D27-D2EA-486E-B307-91E8BAB166C7}.Template|x86.ActiveCfg = SDK SingleThreaded|Win32
		{A0EF4D27-D2EA-486E-B307-91E8BAB166C7}.Template|x86.Build.0 = SDK SingleThreaded|Win32
		{8928849A-AB0E-4EA1-B020-C4835119904E}.Debug|x86.ActiveCfg = Debug|Win32
		{8928849A-AB0E-4EA1-B020-C4835119904E}.Debug|x86.Build.0 = Debug|Win32
		{8928849A-AB0E-4EA1-B020-C4835119904E}.Release|x86.ActiveCfg = Release|Win32
		{8928849A-AB0E-4EA1-B020-C4835119904E}.Release|x86.Build.0 = Release|Win32
		{8928849A-AB0E-4EA1-B020-C4835119904E}.Template|x86.ActiveCfg = Template|Win32
		{8928849A-AB0E-4EA1-B020-C4835119904E}.Template|x86.Build.0 = Template|Win32
		{8FE8C309-B308-425C-A149-D4243AEB104A}.Debug|x86.ActiveCfg = Debug|Win32
		{8FE8C309-B308-425C-A149-D4243AEB104A}.Debug|x86.Build.0 = Debug|Win32
		{8FE8C309-B308-425C-A149-D4243AEB104A}.Release|x86.ActiveCfg = Release|Win32
		{8FE8C309-B308-425C-A149-D4243AEB104A}.Release|x86.Build.0 = Release|Win32
		{8FE8C309-B308-425C-A149-D4243AEB104A}.Template|x86.ActiveCfg = Release|Win32
		{8FE8C309-B308-425C-A149-D4243AEB104A}.Template|x86.Build.0 = Release|Win32
		{AD8A1F95-D977-4B2A-8B1C-94BA990BF48B}.Debug|x86.ActiveCfg = Debug|Win32
		{AD8A1F95-D977-4B2A-8B1C-94BA990BF48B}.Debug|x86.Build.0 = Debug|Win32
		{AD8A1F95-D977-4B2A-8B1C-94BA990BF48B}.Release|x86.ActiveCfg = Release|Win32
		{AD8A1F95-D977-4B2A-8B1C-94BA990BF48B}.Release|x86.Build.0 = Release|Win32
		{AD8A1F95-D977-4B2A-8B1C-94BA990BF48B}.Template|x86.ActiveCfg = Template|Win32
		{AD8A1F95-D977-4B2A-8B1C-94BA990BF48B}.Template|x86.Build.0 = Template|Win32
		{645BE64D-4B14-48E2-93E4-35E35695E47F}.Debug|x86.ActiveCfg = Debug|Win32
		{645BE64D-4B14-48E2-93E4-35E35695E47F}.Debug|x86.Build.0 = Debug|Win32
		{645BE64D-4B14-48E2-93E4-35E35695E47F}.Release|x86.ActiveCfg = Release|Win32
		{645BE64D-4B14-48E2-93E4-35E35695E47F}.Release|x86.Build.0 = Release|Win32
		{645BE64D-4B14-48E2-93E4-35E35695E47F}.Template|x86.ActiveCfg = Template|Win32
		{645BE64D-4B14-48E2-93E4-35E35695E47F}.Template|x86.Build.0 = Template|Win32
		{3E505E2D-D860-4F2B-8738-345EB0E55CE4}.Debug|x86.ActiveCfg = Debug|Win32
		{3E505E2D-D860-4F2B-8738-345EB0E55CE4}.Debug|x86.Build.0 = Debug|Win32
		{3E505E2D-D860-4F2B-8738-345EB0E55CE4}.Release|x86.ActiveCfg = Release|Win32
		{3E505E2D-D860-4F2B-8738-345EB0E55CE4}.Release|x86.Build.0 = Release|Win32
		{3E505E2D-D860-4F2B-8738-345EB0E55CE4}.Template|x86.ActiveCfg = Template|Win32
		{3E505E2D-D860-4F2B-8738-345EB0E55CE4}.Template|x86.Build.0 = Template|Win32
		{8E8F839C-04CC-4467-87DF-25FC82333350}.Debug|x86.ActiveCfg = Debug|Win32
		{8E8F839C-04CC-4467-87DF-25FC82333350}.Debug|x86.Build.0 = Debug|Win32
		{8E8F839C-04CC-4467-87DF-25FC82333350}.Release|x86.ActiveCfg = Release|Win32
		{8E8F839C-04CC-4467-87DF-25FC82333350}.Release|x86.Build.0 = Release|Win32
		{8E8F839C-04CC-4467-87DF-25FC82333350}.Template|x86.ActiveCfg = Release|Win32
		{8E8F839C-04CC-4467-87DF-25FC82333350}.Template|x86.Build.0 = Release|Win32
		{8B7FB425-96B6-4934-A810-343A902303FE}.Debug|x86.ActiveCfg = Debug|Win32
		{8B7FB425-96B6-4934-A810-343A902303FE}.Debug|x86.Build.0 = Debug|Win32
		{8B7FB425-96B6-4934-A810-343A902303FE}.Release|x86.ActiveCfg = Release|Win32
		{8B7FB425-96B6-4934-A810-343A902303FE}.Release|x86.Build.0 = Release|Win32
		{8B7FB425-96B6-4934-A810-343A902303FE}.Template|x86.ActiveCfg = Template|Win32
		{8B7FB425-96B6-4934-A810-343A902303FE}.Template|x86.Build.0 = Template|Win32
		{D662A414-DF9B-48D3-8858-3046ADC4DD01}.Debug|x86.ActiveCfg = Debug|Win32
		{D662A414-DF9B-48D3-8858-3046ADC4DD01}.Debug|x86.Build.0 = Debug|Win32
		{D662A414-DF9B-48D3-8858-3046ADC4DD01}.Release|x86.ActiveCfg = Release|Win32
		{D662A414-DF9B-48D3-8858-3046ADC4DD01}.Release|x86.Build.0 = Release|Win32
		{D662A414-DF9B-48D3-8858-3046ADC4DD01}.Template|x86.ActiveCfg = Template|Win32
		{D662A414-DF9B-48D3-8858-3046ADC4DD01}.Template|x86.Build.0 = Template|Win32
		{ECEBB89D-9B58-4AA0-B52D-B081AD1EDE5A}.Debug|x86.ActiveCfg = Debug|Win32
		{ECEBB89D-9B58-4AA0-B52D-B081AD1EDE5A}.Debug|x86.Build.0 = Debug|Win32
		{ECEBB89D-9B58-4AA0-B52D-B081AD1EDE5A}.Release|x86.ActiveCfg = Release|Win32
		{ECEBB89D-9B58-4AA0-B52D-B081AD1EDE5A}.Release|x86.Build.0 = Release|Win32
		{ECEBB89D-9B58-4AA0-B52D-B081AD1EDE5A}.Template|x86.ActiveCfg = Template|Win32
		{ECEBB89D-9B58-4AA0-B52D-B081AD1EDE5A}.Template|x86.Build.0 = Template|Win32
		{B863D229-38E9-4D11-A5B6-F37B1B5140DC}.Debug|x86.ActiveCfg = Debug|Win32
		{B863D229-38E9-4D11-A5B6-F37B1B5140DC}.Debug|x86.Build.0 = Debug|Win32
		{B863D229-38E9-4D11-A5B6-F37B1B5140DC}.Release|x86.ActiveCfg = Release|Win32
		{B863D229-38E9-4D11-A5B6-F37B1B5140DC}.Release|x86.Build.0 = Release|Win32
		{B863D229-38E9-4D11-A5B6-F37B1B5140DC}.Template|x86.ActiveCfg = Template|Win32
		{B863D229-38E9-4D11-A5B6-F37B1B5140DC}.Template|x86.Build.0 = Template|Win32
		{6AF59313-89D3-4D75-AD4E-88EA9BF1FAC2}.Debug|x86.ActiveCfg = Debug|Win32
		{6AF59313-89D3-4D75-AD4E-88EA9BF1FAC2}.Debug|x86.Build.0 = Debug|Win32
		{6AF59313-89D3-4D75-AD4E-88EA9BF1FAC2}.Release|x86.ActiveCfg = Release|Win32
		{6AF59313-89D3-4D75-AD4E-88EA9BF1FAC2}.Release|x86.Build.0 = Release|Win32
		{6AF59313-89D3-4D75-AD4E-88EA9BF1FAC2}.Template|x86.ActiveCfg = Template|Win32
		{6AF59313-89D3-4D75-AD4E-88EA9BF1FAC2}.Template|x86.Build.0 = Template|Win32
		{B159C945-CF43-40D7-B84D-DEDCF2E4B754}.Debug|x86.ActiveCfg = Debug|Win32
		{B159C945-CF43-40D7-B84D-DEDCF2E4B754}.Debug|x86.Build.0 = Debug|Win32
		{B159C945-CF43-40D7-B84D-DEDCF2E4B754}.Release|x86.ActiveCfg = Release|Win32
		{B159C945-CF43-40D7-B84D-DEDCF2E4B754}.Release|x86.Build.0 = Release|Win32
		{B159C945-CF43-40D7-B84D-DEDCF2E4B754}.Template|x86.ActiveCfg = Template|Win32
		{B159C945-CF43-40D7-B84D-DEDCF2E4B754}.Template|x86.Build.0 = Template|Win32
		{13294A0A-7D51-47E5-8C8E-932EDE0E1D8F}.Debug|x86.ActiveCfg = Debug|Win32
		{13294A0A-7D51-47E5-8C8E-932EDE0E1D8F}.Debug|x86.Build.0 = Debug|Win32
		{13294A0A-7D51-47E5-8C8E-932EDE0E1D8F}.Release|x86.ActiveCfg = Release|Win32
		{13294A0A-7D51-47E5-8C8E-932EDE0E1D8F}.Release|x86.Build.0 = Release|Win32
		{13294A0A-7D51-47E5-8C8E-932EDE0E1D8F}.Template|x86.ActiveCfg = Template|Win32
		{13294A0A-7D51-47E5-8C8E-932EDE0E1D8F}.Template|x86.Build.0 = Template|Win32
		{26A17136-B7EC-443E-906E-6D876A42027E}.Debug|x86.ActiveCfg = Debug|Win32
		{26A17136-B7EC-443E-906E-6D876A42027E}.Debug|x86.Build.0 = Debug|Win32
		{26A17136-B7EC-443E-906E-6D876A42027E}.Release|x86.ActiveCfg = Release|Win32
		{26A17136-B7EC-443E-906E-6D876A42027E}.Release|x86.Build.0 = Release|Win32
		{26A17136-B7EC-443E-906E-6D876A42027E}.Template|x86.ActiveCfg = Template|Win32
		{26A17136-B7EC-443E-906E-6D876A42027E}.Template|x86.Build.0 = Template|Win32
		{213FCBF4-89C1-4F8B-9A7C-A093E22FB102}.Debug|x86.ActiveCfg = Debug|Win32
		{213FCBF4-89C1-4F8B-9A7C-A093E22FB102}.Debug|x86.Build.0 = Debug|Win32
		{213FCBF4-89C1-4F8B-9A7C-A093E22FB102}.Release|x86.ActiveCfg = Release|Win32
		{213FCBF4-89C1-4F8B-9A7C-A093E22FB102}.Release|x86.Build.0 = Release|Win32
		{213FCBF4-89C1-4F8B-9A7C-A093E22FB102}.Template|x86.ActiveCfg = Template|Win32
		{213FCBF4-89C1-4F8B-9A7C-A093E22FB102}.Template|x86.Build.0 = Template|Win32
		{0B48FC0B-9894-4270-8396-A4023BFBDCAB}.Debug|x86.ActiveCfg = Debug|Win32
		{0B48FC0B-9894-4270-8396-A4023BFBDCAB}.Debug|x86.Build.0 = Debug|Win32
		{0B48FC0B-9894-4270-8396-A4023BFBDCAB}.Release|x86.ActiveCfg = Release|Win32
		{0B48FC0B-9894-4270-8396-A4023BFBDCAB}.Release|x86.Build.0 = Release|Win32
		{0B48FC0B-9894-4270-8396-A4023BFBDCAB}.Template|x86.ActiveCfg = Template|Win32
		{0B48FC0B-9894-4270-8396-A4023BFBDCAB}.Template|x86.Build.0 = Template|Win32
		{FF276D97-D73F-4FEA-97BE-32B064E49A4D}.Debug|x86.ActiveCfg = Debug|Win32
		{FF276D97-D73F-4FEA-97BE-32B064E49A4D}.Debug|x86.Build.0 = Debug|Win32
		{FF276D97-D73F-4FEA-97BE-32B064E49A4D}.Release|x86.ActiveCfg = Release|Win32
		{FF276D97-D73F-4FEA-97BE-32B064E49A4D}.Release|x86.Build.0 = Release|Win32
		{FF276D97-D73F-4FEA-97BE-32B064E49A4D}.Template|x86.ActiveCfg = Template|Win32
		{FF276D97-D73F-4FEA-97BE-32B064E49A4D}.Template|x86.Build.0 = Template|Win32
		{BD379E55-8070-44DF-BB23-EEB7DDC108D2}.Debug|x86.ActiveCfg = Debug|Win32
		{BD379E55-8070-44DF-BB23-EEB7DDC108D2}.Debug|x86.Build.0 = Debug|Win32
		{BD379E55-8070-44DF-BB23-EEB7DDC108D2}.Release|x86.ActiveCfg = Release|Win32
		{BD379E55-8070-44DF-BB23-EEB7DDC108D2}.Release|x86.Build.0 = Release|Win32
		{BD379E55-8070-44DF-BB23-EEB7DDC108D2}.Template|x86.ActiveCfg = Template|Win32
		{BD379E55-8070-44DF-BB23-EEB7DDC108D2}.Template|x86.Build.0 = Template|Win32
		{83B2BF55-7A57-4F8C-9879-17CBC8E1F1A1}.Debug|x86.ActiveCfg = Debug|Win32
		{83B2BF55-7A57-4F8C-9879-17CBC8E1F1A1}.Debug|x86.Build.0 = Debug|Win32
		{83B2BF55-7A57-4F8C-9879-17CBC8E1F1A1}.Release|x86.ActiveCfg = Release|Win32
		{83B2BF55-7A57-4F8C-9879-17CBC8E1F1A1}.Release|x86.Build.0 = Release|Win32
		{83B2BF55-7A57-4F8C-9879-17CBC8E1F1A1}.Template|x86.ActiveCfg = Release|Win32
		{83B2BF55-7A57-4F8C-9879-17CBC8E1F1A1}.Template|x86.Build.0 = Release|Win32
		{F421E65B-EAF7-4FDE-AC88-0E4E9362320D}.Debug|x86.ActiveCfg = Debug|Win32
		{F421E65B-EAF7-4FDE-AC88-0E4E9362320D}.Debug|x86.Build.0 = Debug|Win32
		{F421E65B-EAF7-4FDE-AC88-0E4E9362320D}.Release|x86.ActiveCfg = Release|Win32
		{F421E65B-EAF7-4FDE-AC88-0E4E9362320D}.Release|x86.Build.0 = Release|Win32
		{F421E65B-EAF7-4FDE-AC88-0E4E9362320D}.Template|x86.ActiveCfg = Template|Win32
		{F421E65B-EAF7-4FDE-AC88-0E4E9362320D}.Template|x86.Build.0 = Template|Win32
		{E6767EC6-9783-4466-8A64-53C4557A009B}.Debug|x86.ActiveCfg = Debug|Win32
		{E6767EC6-9783-4466-8A64-53C4557A009B}.Debug|x86.Build.0 = Debug|Win32
		{E6767EC6-9783-4466-8A64-53C4557A009B}.Release|x86.ActiveCfg = Release|Win32
		{E6767EC6-9783-4466-8A64-53C4557A009B}.Release|x86.Build.0 = Release|Win32
		{E6767EC6-9783-4466-8A64-53C4557A009B}.Template|x86.ActiveCfg = Template|Win32
		{E6767EC6-9783-4466-8A64-53C4557A009B}.Template|x86.Build.0 = Template|Win32
	EndGlobalSection
	GlobalSection(SolutionProperties) = preSolution
		HideSolutionNode = FALSE
	EndGlobalSection
	GlobalSection(NestedProjects) = preSolution
		{83618132-680F-491F-8DE6-73EECEACC393} = {25981F84-08D3-4188-9266-0FC3A3906181}
		{1A10F3F3-66AD-4897-9268-A7BA41CC3A39} = {25981F84-08D3-4188-9266-0FC3A3906181}
		{8510DA71-0C34-423C-AABB-056A5BB26DA6} = {25981F84-08D3-4188-9266-0FC3A3906181}
		{4A4F9202-3F4C-46C3-BBF5-4C86C1EE20A0} = {3C8F334B-4540-4ACB-A38A-E31909A42692}
		{F4A9DAEB-51B8-4DE6-B55F-962454D907E4} = {3C8F334B-4540-4ACB-A38A-E31909A42692}
		{9DED0143-FA77-444C-ABCA-4497B19618A4} = {3C8F334B-4540-4ACB-A38A-E31909A42692}
		{99A42256-89F8-4BEB-9A28-005BD0BB6E4B} = {3C8F334B-4540-4ACB-A38A-E31909A42692}
		{50AF6F8A-7832-437A-956E-A35CD5EAFA15} = {3C8F334B-4540-4ACB-A38A-E31909A42692}
		{69BF968F-FBEB-4FBD-89D2-47EFB35760D1} = {3C8F334B-4540-4ACB-A38A-E31909A42692}
		{532C29B3-E528-4D67-9E5D-2B5A54441D57} = {3C8F334B-4540-4ACB-A38A-E31909A42692}
		{D66A18D1-2A79-4222-8336-11222000C4A4} = {3C8F334B-4540-4ACB-A38A-E31909A42692}
		{5B787882-0611-4642-90BD-37230BA5A6C4} = {3C8F334B-4540-4ACB-A38A-E31909A42692}
		{385EE5AF-9279-4EF9-A098-11BB542AB5F5} = {25981F84-08D3-4188-9266-0FC3A3906181}
		{A42D3682-E7A0-47C1-8F40-286304685871} = {3C8F334B-4540-4ACB-A38A-E31909A42692}
		{59D95977-E291-4553-BEC8-0FB799EEB677} = {3C8F334B-4540-4ACB-A38A-E31909A42692}
		{376C26EF-6512-4219-88BD-A214BC0627AB} = {25981F84-08D3-4188-9266-0FC3A3906181}
		{2E19DCCB-0857-44A8-B30F-A043BE655897} = {25981F84-08D3-4188-9266-0FC3A3906181}
		{6635273C-36B8-4C45-83C3-DD713FB0F4D7} = {5C36B398-1E44-484F-944C-FDAF0A8C2AC3}
		{63976CFF-452A-4452-971F-DA0F4AD3AEAF} = {5C36B398-1E44-484F-944C-FDAF0A8C2AC3}
		{28900E72-9E3A-47BB-A2B3-361184E8CEF2} = {5C36B398-1E44-484F-944C-FDAF0A8C2AC3}
		{A0EF4D27-D2EA-486E-B307-91E8BAB166C7} = {450E3F22-B84D-4A2C-A1F2-FBF5C0589E79}
		{8928849A-AB0E-4EA1-B020-C4835119904E} = {450E3F22-B84D-4A2C-A1F2-FBF5C0589E79}
		{8FE8C309-B308-425C-A149-D4243AEB104A} = {450E3F22-B84D-4A2C-A1F2-FBF5C0589E79}
		{AD8A1F95-D977-4B2A-8B1C-94BA990BF48B} = {450E3F22-B84D-4A2C-A1F2-FBF5C0589E79}
		{645BE64D-4B14-48E2-93E4-35E35695E47F} = {450E3F22-B84D-4A2C-A1F2-FBF5C0589E79}
		{3E505E2D-D860-4F2B-8738-345EB0E55CE4} = {450E3F22-B84D-4A2C-A1F2-FBF5C0589E79}
		{8E8F839C-04CC-4467-87DF-25FC82333350} = {25981F84-08D3-4188-9266-0FC3A3906181}
		{8B7FB425-96B6-4934-A810-343A902303FE} = {25981F84-08D3-4188-9266-0FC3A3906181}
		{D662A414-DF9B-48D3-8858-3046ADC4DD01} = {25981F84-08D3-4188-9266-0FC3A3906181}
		{ECEBB89D-9B58-4AA0-B52D-B081AD1EDE5A} = {25981F84-08D3-4188-9266-0FC3A3906181}
		{B863D229-38E9-4D11-A5B6-F37B1B5140DC} = {5C36B398-1E44-484F-944C-FDAF0A8C2AC3}
		{6AF59313-89D3-4D75-AD4E-88EA9BF1FAC2} = {25981F84-08D3-4188-9266-0FC3A3906181}
		{B159C945-CF43-40D7-B84D-DEDCF2E4B754} = {5C36B398-1E44-484F-944C-FDAF0A8C2AC3}
		{13294A0A-7D51-47E5-8C8E-932EDE0E1D8F} = {5C36B398-1E44-484F-944C-FDAF0A8C2AC3}
		{450E3F22-B84D-4A2C-A1F2-FBF5C0589E79} = {25981F84-08D3-4188-9266-0FC3A3906181}
		{5C36B398-1E44-484F-944C-FDAF0A8C2AC3} = {25981F84-08D3-4188-9266-0FC3A3906181}
		{3C8F334B-4540-4ACB-A38A-E31909A42692} = {25981F84-08D3-4188-9266-0FC3A3906181}
	EndGlobalSection
	GlobalSection(ExtensibilityGlobals) = postSolution
		SolutionGuid = {D3E439E4-484A-4007-8E67-B055586B4261}
	EndGlobalSection
EndGlobal
