
Microsoft Visual Studio Solution File, Format Version 12.00
# Visual Studio Version 16
VisualStudioVersion = 16.0.29123.88
MinimumVisualStudioVersion = 10.0.40219.1
Project("{8BC9CEB8-8B4A-11D0-8D11-00A0C91BC942}") = "tier0", "..\tier0\tier0.vcxproj", "{83618132-680F-491F-8DE6-73EECEACC393}"
	ProjectSection(ProjectDependencies) = postProject
		{1A10F3F3-66AD-4897-9268-A7BA41CC3A39} = {1A10F3F3-66AD-4897-9268-A7BA41CC3A39}
	EndProjectSection
EndProject
Project("{2150E333-8FDC-42A3-9474-1A3956D46DE8}") = "Solution Items", "Solution Items", "{B987F12A-7892-49E4-BDE5-84DB43EFC8EF}"
	ProjectSection(SolutionItems) = preProject
		TODO.txt = TODO.txt
	EndProjectSection
EndProject
Project("{8BC9CEB8-8B4A-11D0-8D11-00A0C91BC942}") = "vstdlib", "..\vstdlib\vstdlib.vcxproj", "{1A10F3F3-66AD-4897-9268-A7BA41CC3A39}"
EndProject
Project("{8BC9CEB8-8B4A-11D0-8D11-00A0C91BC942}") = "vtf", "..\vtf\vtf.vcxproj", "{8510DA71-0C34-423C-AABB-056A5BB26DA6}"
EndProject
Project("{8BC9CEB8-8B4A-11D0-8D11-00A0C91BC942}") = "shaderlib", "..\shaderlib\shaderlib.vcxproj", "{4A4F9202-3F4C-46C3-BBF5-4C86C1EE20A0}"
EndProject
Project("{8BC9CEB8-8B4A-11D0-8D11-00A0C91BC942}") = "stdshader_dbg", "..\materialsystem\stdshaders\stdshader_dbg.vcxproj", "{F4A9DAEB-51B8-4DE6-B55F-962454D907E4}"
	ProjectSection(ProjectDependencies) = postProject
		{4A4F9202-3F4C-46C3-BBF5-4C86C1EE20A0} = {4A4F9202-3F4C-46C3-BBF5-4C86C1EE20A0}
		{83618132-680F-491F-8DE6-73EECEACC393} = {83618132-680F-491F-8DE6-73EECEACC393}
		{1A10F3F3-66AD-4897-9268-A7BA41CC3A39} = {1A10F3F3-66AD-4897-9268-A7BA41CC3A39}
	EndProjectSection
EndProject
Project("{8BC9CEB8-8B4A-11D0-8D11-00A0C91BC942}") = "stdshader_dx6", "..\materialsystem\stdshaders\stdshader_dx6.vcxproj", "{9DED0143-FA77-444C-ABCA-4497B19618A4}"
	ProjectSection(ProjectDependencies) = postProject
		{4A4F9202-3F4C-46C3-BBF5-4C86C1EE20A0} = {4A4F9202-3F4C-46C3-BBF5-4C86C1EE20A0}
		{83618132-680F-491F-8DE6-73EECEACC393} = {83618132-680F-491F-8DE6-73EECEACC393}
		{1A10F3F3-66AD-4897-9268-A7BA41CC3A39} = {1A10F3F3-66AD-4897-9268-A7BA41CC3A39}
	EndProjectSection
EndProject
Project("{8BC9CEB8-8B4A-11D0-8D11-00A0C91BC942}") = "stdshader_dx7", "..\materialsystem\stdshaders\stdshader_dx7.vcxproj", "{99A42256-89F8-4BEB-9A28-005BD0BB6E4B}"
	ProjectSection(ProjectDependencies) = postProject
		{4A4F9202-3F4C-46C3-BBF5-4C86C1EE20A0} = {4A4F9202-3F4C-46C3-BBF5-4C86C1EE20A0}
		{83618132-680F-491F-8DE6-73EECEACC393} = {83618132-680F-491F-8DE6-73EECEACC393}
		{1A10F3F3-66AD-4897-9268-A7BA41CC3A39} = {1A10F3F3-66AD-4897-9268-A7BA41CC3A39}
	EndProjectSection
EndProject
Global
	GlobalSection(SolutionConfigurationPlatforms) = preSolution
		Debug|x86 = Debug|x86
		Release|x86 = Release|x86
		Template|x86 = Template|x86
	EndGlobalSection
	GlobalSection(ProjectConfigurationPlatforms) = postSolution
		{83618132-680F-491F-8DE6-73EECEACC393}.Debug|x86.ActiveCfg = Debug|Win32
		{83618132-680F-491F-8DE6-73EECEACC393}.Debug|x86.Build.0 = Debug|Win32
		{83618132-680F-491F-8DE6-73EECEACC393}.Release|x86.ActiveCfg = Release|Win32
		{83618132-680F-491F-8DE6-73EECEACC393}.Release|x86.Build.0 = Release|Win32
		{83618132-680F-491F-8DE6-73EECEACC393}.Template|x86.ActiveCfg = Release|Win32
		{83618132-680F-491F-8DE6-73EECEACC393}.Template|x86.Build.0 = Release|Win32
		{1A10F3F3-66AD-4897-9268-A7BA41CC3A39}.Debug|x86.ActiveCfg = Debug|Win32
		{1A10F3F3-66AD-4897-9268-A7BA41CC3A39}.Debug|x86.Build.0 = Debug|Win32
		{1A10F3F3-66AD-4897-9268-A7BA41CC3A39}.Release|x86.ActiveCfg = Release|Win32
		{1A10F3F3-66AD-4897-9268-A7BA41CC3A39}.Release|x86.Build.0 = Release|Win32
		{1A10F3F3-66AD-4897-9268-A7BA41CC3A39}.Template|x86.ActiveCfg = Template|Win32
		{1A10F3F3-66AD-4897-9268-A7BA41CC3A39}.Template|x86.Build.0 = Template|Win32
		{8510DA71-0C34-423C-AABB-056A5BB26DA6}.Debug|x86.ActiveCfg = Debug|Win32
		{8510DA71-0C34-423C-AABB-056A5BB26DA6}.Debug|x86.Build.0 = Debug|Win32
		{8510DA71-0C34-423C-AABB-056A5BB26DA6}.Release|x86.ActiveCfg = Release|Win32
		{8510DA71-0C34-423C-AABB-056A5BB26DA6}.Release|x86.Build.0 = Release|Win32
		{8510DA71-0C34-423C-AABB-056A5BB26DA6}.Template|x86.ActiveCfg = Release|Win32
		{8510DA71-0C34-423C-AABB-056A5BB26DA6}.Template|x86.Build.0 = Release|Win32
		{4A4F9202-3F4C-46C3-BBF5-4C86C1EE20A0}.Debug|x86.ActiveCfg = Debug|Win32
		{4A4F9202-3F4C-46C3-BBF5-4C86C1EE20A0}.Debug|x86.Build.0 = Debug|Win32
		{4A4F9202-3F4C-46C3-BBF5-4C86C1EE20A0}.Release|x86.ActiveCfg = Release|Win32
		{4A4F9202-3F4C-46C3-BBF5-4C86C1EE20A0}.Release|x86.Build.0 = Release|Win32
		{4A4F9202-3F4C-46C3-BBF5-4C86C1EE20A0}.Template|x86.ActiveCfg = Template|Win32
		{4A4F9202-3F4C-46C3-BBF5-4C86C1EE20A0}.Template|x86.Build.0 = Template|Win32
		{F4A9DAEB-51B8-4DE6-B55F-962454D907E4}.Debug|x86.ActiveCfg = Debug|Win32
		{F4A9DAEB-51B8-4DE6-B55F-962454D907E4}.Debug|x86.Build.0 = Debug|Win32
		{F4A9DAEB-51B8-4DE6-B55F-962454D907E4}.Release|x86.ActiveCfg = Release|Win32
		{F4A9DAEB-51B8-4DE6-B55F-962454D907E4}.Release|x86.Build.0 = Release|Win32
		{F4A9DAEB-51B8-4DE6-B55F-962454D907E4}.Template|x86.ActiveCfg = Template|Win32
		{F4A9DAEB-51B8-4DE6-B55F-962454D907E4}.Template|x86.Build.0 = Template|Win32
		{9DED0143-FA77-444C-ABCA-4497B19618A4}.Debug|x86.ActiveCfg = Debug|Win32
		{9DED0143-FA77-444C-ABCA-4497B19618A4}.Debug|x86.Build.0 = Debug|Win32
		{9DED0143-FA77-444C-ABCA-4497B19618A4}.Release|x86.ActiveCfg = Release|Win32
		{9DED0143-FA77-444C-ABCA-4497B19618A4}.Release|x86.Build.0 = Release|Win32
		{9DED0143-FA77-444C-ABCA-4497B19618A4}.Template|x86.ActiveCfg = Release|Win32
		{9DED0143-FA77-444C-ABCA-4497B19618A4}.Template|x86.Build.0 = Release|Win32
		{99A42256-89F8-4BEB-9A28-005BD0BB6E4B}.Debug|x86.ActiveCfg = Debug|Win32
		{99A42256-89F8-4BEB-9A28-005BD0BB6E4B}.Debug|x86.Build.0 = Debug|Win32
		{99A42256-89F8-4BEB-9A28-005BD0BB6E4B}.Release|x86.ActiveCfg = Release|Win32
		{99A42256-89F8-4BEB-9A28-005BD0BB6E4B}.Release|x86.Build.0 = Release|Win32
		{99A42256-89F8-4BEB-9A28-005BD0BB6E4B}.Template|x86.ActiveCfg = Template|Win32
		{99A42256-89F8-4BEB-9A28-005BD0BB6E4B}.Template|x86.Build.0 = Template|Win32
	EndGlobalSection
	GlobalSection(SolutionProperties) = preSolution
		HideSolutionNode = FALSE
	EndGlobalSection
	GlobalSection(ExtensibilityGlobals) = postSolution
		SolutionGuid = {D3E439E4-484A-4007-8E67-B055586B4261}
	EndGlobalSection
EndGlobal
