<?xml version="1.0" encoding="utf-8"?>
<Project ToolsVersion="4.0" xmlns="http://schemas.microsoft.com/developer/msbuild/2003">
  <ItemGroup>
    <Filter Include="Source Files">
      <UniqueIdentifier>{54f38d4a-1226-44ae-b779-9ce712639f43}</UniqueIdentifier>
      <Extensions>cpp;c;cxx;rc;def;r;odl;idl;hpj;bat</Extensions>
    </Filter>
    <Filter Include="Header Files">
      <UniqueIdentifier>{66c6de4c-4b12-479e-a11e-e05c5a59b760}</UniqueIdentifier>
      <Extensions>h;hpp;hxx;hm;inl</Extensions>
    </Filter>
    <Filter Include="Shaders">
      <UniqueIdentifier>{8633ab33-3e58-4606-b94e-6f85c7304978}</UniqueIdentifier>
    </Filter>
  </ItemGroup>
  <ItemGroup>
    <ClCompile Include="BaseVSShader.cpp">
      <Filter>Source Files</Filter>
    </ClCompile>
    <ClCompile Include="..\..\public\bumpvects.cpp">
      <Filter>Source Files</Filter>
    </ClCompile>
    <ClCompile Include="hsv.cpp">
      <Filter>Source Files</Filter>
    </ClCompile>
    <ClCompile Include="lightmappedgeneric.cpp">
      <Filter>Source Files</Filter>
    </ClCompile>
    <ClCompile Include="..\..\public\mathlib.cpp">
      <Filter>Source Files</Filter>
    </ClCompile>
    <ClCompile Include="..\..\public\tier0\memoverride.cpp">
      <Filter>Source Files</Filter>
    </ClCompile>
    <ClCompile Include="refract.cpp">
      <Filter>Source Files</Filter>
    </ClCompile>
    <ClCompile Include="shadow.cpp">
      <Filter>Source Files</Filter>
    </ClCompile>
    <ClCompile Include="shatteredglass.cpp">
      <Filter>Source Files</Filter>
    </ClCompile>
    <ClCompile Include="sky.cpp">
      <Filter>Source Files</Filter>
    </ClCompile>
    <ClCompile Include="teeth.cpp">
      <Filter>Source Files</Filter>
    </ClCompile>
    <ClCompile Include="unlitgeneric.cpp">
      <Filter>Source Files</Filter>
    </ClCompile>
    <ClCompile Include="vertexlitgeneric.cpp">
      <Filter>Source Files</Filter>
    </ClCompile>
    <ClCompile Include="..\..\public\vmatrix.cpp">
      <Filter>Source Files</Filter>
    </ClCompile>
    <ClCompile Include="water.cpp">
      <Filter>Source Files</Filter>
    </ClCompile>
    <ClCompile Include="worldvertexalpha.cpp">
      <Filter>Source Files</Filter>
    </ClCompile>
    <ClCompile Include="worldvertextransition.cpp">
      <Filter>Source Files</Filter>
    </ClCompile>
    <ClCompile Include="shader_nvfx.cpp">
      <Filter>Source Files</Filter>
    </ClCompile>
  </ItemGroup>
  <ItemGroup>
    <ClInclude Include="BaseVSShader.h">
      <Filter>Source Files</Filter>
    </ClInclude>
    <ClInclude Include="common_fxc.h">
      <Filter>Header Files</Filter>
    </ClInclude>
    <ClInclude Include="common_hlsl_cpp_consts.h">
      <Filter>Header Files</Filter>
    </ClInclude>
    <ClInclude Include="common_ps_fxc.h">
      <Filter>Header Files</Filter>
    </ClInclude>
    <ClInclude Include="common_vs_fxc.h">
      <Filter>Header Files</Filter>
    </ClInclude>
  </ItemGroup>
  <ItemGroup>
    <Text Include="shader_nvfx.txt" />
  </ItemGroup>
  <ItemGroup>
    <Library Include="..\..\lib\public\vstdlib.lib" />
    <Library Include="..\..\lib\public\shaderlib.lib" />
    <Library Include="..\..\lib\public\tier0.lib" />
  </ItemGroup>
  <ItemGroup>
    <CustomBuild Include="hsv_ps20.fxc">
      <Filter>Shaders</Filter>
    </CustomBuild>
    <CustomBuild Include="vertexlit_and_unlit_generic_vs20.fxc">
      <Filter>Shaders</Filter>
    </CustomBuild>
    <CustomBuild Include="vertexlit_and_unlit_generic_ps20.fxc">
      <Filter>Shaders</Filter>
    </CustomBuild>
    <CustomBuild Include="lightmappedgeneric_vs20.fxc">
      <Filter>Shaders</Filter>
    </CustomBuild>
    <CustomBuild Include="lightmappedgeneric_ps20.fxc">
      <Filter>Shaders</Filter>
    </CustomBuild>
    <CustomBuild Include="shadow_vs20.fxc">
      <Filter>Shaders</Filter>
    </CustomBuild>
    <CustomBuild Include="shadow_ps20.fxc">
      <Filter>Shaders</Filter>
    </CustomBuild>
    <CustomBuild Include="ShatteredGlass_ps20.fxc">
      <Filter>Shaders</Filter>
    </CustomBuild>
    <CustomBuild Include="ShatteredGlass_vs20.fxc">
      <Filter>Shaders</Filter>
    </CustomBuild>
    <CustomBuild Include="teeth_vs20.fxc">
      <Filter>Shaders</Filter>
    </CustomBuild>
    <CustomBuild Include="Water_vs20.fxc">
      <Filter>Shaders</Filter>
    </CustomBuild>
    <CustomBuild Include="Water_ps20.fxc">
      <Filter>Shaders</Filter>
    </CustomBuild>
    <CustomBuild Include="screenspaceeffect_vs20.fxc">
      <Filter>Shaders</Filter>
    </CustomBuild>
    <CustomBuild Include="Refract_vs20.fxc">
      <Filter>Shaders</Filter>
    </CustomBuild>
    <CustomBuild Include="Refract_ps20.fxc">
      <Filter>Shaders</Filter>
    </CustomBuild>
    <CustomBuild Include="WaterCheap_vs20.fxc">
      <Filter>Shaders</Filter>
    </CustomBuild>
    <CustomBuild Include="WaterCheap_ps20.fxc">
      <Filter>Shaders</Filter>
    </CustomBuild>
    <CustomBuild Include="..\..\devtools\bin\fxc_prep.pl" />
    <CustomBuild Include="..\..\devtools\bin\updateshaders.pl" />
  </ItemGroup>
</Project>