<?xml version="1.0" encoding="utf-8"?>
<Project ToolsVersion="4.0" xmlns="http://schemas.microsoft.com/developer/msbuild/2003">
  <ItemGroup>
    <Filter Include="Source Files">
      <UniqueIdentifier>{8b2390c3-5271-4f8d-8c16-69cf3998cdca}</UniqueIdentifier>
      <Extensions>cpp;c;cxx;rc;def;r;odl;idl;hpj;bat</Extensions>
    </Filter>
    <Filter Include="Header Files">
      <UniqueIdentifier>{e2d0806c-e0c7-475e-9335-cbb6649056f0}</UniqueIdentifier>
      <Extensions>h;hpp;hxx;hm;inl</Extensions>
    </Filter>
  </ItemGroup>
  <ItemGroup>
    <ClCompile Include="..\public\characterset.cpp">
      <Filter>Source Files</Filter>
    </ClCompile>
    <ClCompile Include="..\public\checksum_crc.cpp">
      <Filter>Source Files</Filter>
    </ClCompile>
    <ClCompile Include="Clip2D.cpp">
      <Filter>Source Files</Filter>
    </ClCompile>
    <ClCompile Include="Cursor.cpp">
      <Filter>Source Files</Filter>
    </ClCompile>
    <ClCompile Include="..\public\filesystem_helpers.cpp">
      <Filter>Source Files</Filter>
    </ClCompile>
    <ClCompile Include="FontTextureCache.cpp">
      <Filter>Source Files</Filter>
    </ClCompile>
    <ClCompile Include="..\vgui2\src\htmlwindow.cpp">
      <Filter>Source Files</Filter>
    </ClCompile>
    <ClCompile Include="Input.cpp">
      <Filter>Source Files</Filter>
    </ClCompile>
    <ClCompile Include="..\Public\interface.cpp">
      <Filter>Source Files</Filter>
    </ClCompile>
    <ClCompile Include="..\Public\mathlib.cpp">
      <Filter>Source Files</Filter>
    </ClCompile>
    <ClCompile Include="MatSystemSurface.cpp">
      <Filter>Source Files</Filter>
    </ClCompile>
    <ClCompile Include="..\vgui2\src\MemoryBitmap.cpp">
      <Filter>Source Files</Filter>
    </ClCompile>
    <ClCompile Include="..\public\tier0\memoverride.cpp">
      <Filter>Source Files</Filter>
    </ClCompile>
    <ClCompile Include="TextureDictionary.cpp">
      <Filter>Source Files</Filter>
    </ClCompile>
    <ClCompile Include="..\vgui2\src\vgui_key_translation.cpp">
      <Filter>Source Files</Filter>
    </ClCompile>
    <ClCompile Include="vguimatsurfacestats.cpp">
      <Filter>Source Files</Filter>
    </ClCompile>
    <ClCompile Include="..\Public\vmatrix.cpp">
      <Filter>Source Files</Filter>
    </ClCompile>
  </ItemGroup>
  <ItemGroup>
    <ClInclude Include="FontTextureCache.h">
      <Filter>Source Files</Filter>
    </ClInclude>
    <ClInclude Include="MatSystemSurface.h">
      <Filter>Source Files</Filter>
    </ClInclude>
    <ClInclude Include="..\vgui2\src\vgui_key_translation.h">
      <Filter>Source Files</Filter>
    </ClInclude>
    <ClInclude Include="vguimatsurfacestats.h">
      <Filter>Source Files</Filter>
    </ClInclude>
    <ClInclude Include="..\Public\basetypes.h">
      <Filter>Header Files</Filter>
    </ClInclude>
    <ClInclude Include="..\public\characterset.h">
      <Filter>Header Files</Filter>
    </ClInclude>
    <ClInclude Include="..\Public\checksum_crc.h">
      <Filter>Header Files</Filter>
    </ClInclude>
    <ClInclude Include="Clip2D.h">
      <Filter>Header Files</Filter>
    </ClInclude>
    <ClInclude Include="..\public\commonmacros.h">
      <Filter>Header Files</Filter>
    </ClInclude>
    <ClInclude Include="Cursor.h">
      <Filter>Header Files</Filter>
    </ClInclude>
    <ClInclude Include="..\Public\FileSystem.h">
      <Filter>Header Files</Filter>
    </ClInclude>
    <ClInclude Include="..\public\filesystem_helpers.h">
      <Filter>Header Files</Filter>
    </ClInclude>
    <ClInclude Include="..\common\vgui_surfacelib\FontAmalgam.h">
      <Filter>Header Files</Filter>
    </ClInclude>
    <ClInclude Include="..\common\vgui_surfacelib\FontManager.h">
      <Filter>Header Files</Filter>
    </ClInclude>
    <ClInclude Include="..\common\vgui\HtmlWindow.h">
      <Filter>Header Files</Filter>
    </ClInclude>
    <ClInclude Include="..\public\appframework\IAppSystem.h">
      <Filter>Header Files</Filter>
    </ClInclude>
    <ClInclude Include="..\public\icreatevfont.h">
      <Filter>Header Files</Filter>
    </ClInclude>
    <ClInclude Include="..\public\imageloader.h">
      <Filter>Header Files</Filter>
    </ClInclude>
    <ClInclude Include="..\public\materialsystem\imaterial.h">
      <Filter>Header Files</Filter>
    </ClInclude>
    <ClInclude Include="..\public\materialsystem\imaterialsystem.h">
      <Filter>Header Files</Filter>
    </ClInclude>
    <ClInclude Include="..\public\materialsystem\imaterialvar.h">
      <Filter>Header Files</Filter>
    </ClInclude>
    <ClInclude Include="..\public\VGuiMatSurface\IMatSystemSurface.h">
      <Filter>Header Files</Filter>
    </ClInclude>
    <ClInclude Include="..\public\materialsystem\imesh.h">
      <Filter>Header Files</Filter>
    </ClInclude>
    <ClInclude Include="Input.h">
      <Filter>Header Files</Filter>
    </ClInclude>
    <ClInclude Include="..\public\interface.h">
      <Filter>Header Files</Filter>
    </ClInclude>
    <ClInclude Include="..\public\materialsystem\itexture.h">
      <Filter>Header Files</Filter>
    </ClInclude>
    <ClInclude Include="..\public\pixelwriter.h">
      <Filter>Header Files</Filter>
    </ClInclude>
    <ClInclude Include="..\public\vstdlib\strtools.h">
      <Filter>Header Files</Filter>
    </ClInclude>
    <ClInclude Include="TextureDictionary.h">
      <Filter>Header Files</Filter>
    </ClInclude>
    <ClInclude Include="..\public\utllinkedlist.h">
      <Filter>Header Files</Filter>
    </ClInclude>
    <ClInclude Include="..\Public\UtlMemory.h">
      <Filter>Header Files</Filter>
    </ClInclude>
    <ClInclude Include="..\Public\utlrbtree.h">
      <Filter>Header Files</Filter>
    </ClInclude>
    <ClInclude Include="..\Public\UtlVector.h">
      <Filter>Header Files</Filter>
    </ClInclude>
    <ClInclude Include="..\Public\vector.h">
      <Filter>Header Files</Filter>
    </ClInclude>
    <ClInclude Include="..\Public\vector2d.h">
      <Filter>Header Files</Filter>
    </ClInclude>
    <ClInclude Include="..\Public\vector4d.h">
      <Filter>Header Files</Filter>
    </ClInclude>
    <ClInclude Include="vguimatsurface.h">
      <Filter>Header Files</Filter>
    </ClInclude>
    <ClInclude Include="..\public\vstdlib\vstdlib.h">
      <Filter>Header Files</Filter>
    </ClInclude>
    <ClInclude Include="..\public\vtf\vtf.h">
      <Filter>Header Files</Filter>
    </ClInclude>
    <ClInclude Include="..\common\vgui_surfacelib\Win32Font.h">
      <Filter>Header Files</Filter>
    </ClInclude>
  </ItemGroup>
  <ItemGroup>
    <Library Include="..\lib\public\vstdlib.lib" />
    <Library Include="..\lib\public\vgui_surfacelib.lib" />
    <Library Include="..\lib\public\vgui_controls.lib" />
    <Library Include="..\lib\public\tier0.lib" />
  </ItemGroup>
</Project>